
Microsoft Visual Studio Solution File, Format Version 11.00
# Visual C# Express 2010
Project("{FAE04EC0-301F-11D3-BF4B-00C04F79EFBC}") = "SharpWired", "SharpWired\SharpWired.csproj", "{85C03311-3C25-4EB5-97BA-FDC6F3C63005}"
	ProjectSection(ProjectDependencies) = postProject
		{FEC0BECC-B654-4DEE-9919-74F52ECDDC92} = {FEC0BECC-B654-4DEE-9919-74F52ECDDC92}
	EndProjectSection
EndProject
Project("{FAE04EC0-301F-11D3-BF4B-00C04F79EFBC}") = "Tests", "Tests\Tests.csproj", "{9EFEC627-CCA8-402F-B2E0-68018E37748F}"
EndProject
Project("{FAE04EC0-301F-11D3-BF4B-00C04F79EFBC}") = "WiredControls", "WiredControls\WiredControls.csproj", "{FEC0BECC-B654-4DEE-9919-74F52ECDDC92}"
EndProject
Global
	GlobalSection(SolutionConfigurationPlatforms) = preSolution
		Debug|Any CPU = Debug|Any CPU
		Release|Any CPU = Release|Any CPU
	EndGlobalSection
	GlobalSection(ProjectConfigurationPlatforms) = postSolution
		{85C03311-3C25-4EB5-97BA-FDC6F3C63005}.Debug|Any CPU.ActiveCfg = Debug|Any CPU
		{85C03311-3C25-4EB5-97BA-FDC6F3C63005}.Debug|Any CPU.Build.0 = Debug|Any CPU
		{85C03311-3C25-4EB5-97BA-FDC6F3C63005}.Release|Any CPU.ActiveCfg = Release|Any CPU
		{85C03311-3C25-4EB5-97BA-FDC6F3C63005}.Release|Any CPU.Build.0 = Release|Any CPU
		{9EFEC627-CCA8-402F-B2E0-68018E37748F}.Debug|Any CPU.ActiveCfg = Debug|Any CPU
		{9EFEC627-CCA8-402F-B2E0-68018E37748F}.Debug|Any CPU.Build.0 = Debug|Any CPU
		{9EFEC627-CCA8-402F-B2E0-68018E37748F}.Release|Any CPU.ActiveCfg = Release|Any CPU
		{9EFEC627-CCA8-402F-B2E0-68018E37748F}.Release|Any CPU.Build.0 = Release|Any CPU
		{FEC0BECC-B654-4DEE-9919-74F52ECDDC92}.Debug|Any CPU.ActiveCfg = Debug|Any CPU
		{FEC0BECC-B654-4DEE-9919-74F52ECDDC92}.Debug|Any CPU.Build.0 = Debug|Any CPU
		{FEC0BECC-B654-4DEE-9919-74F52ECDDC92}.Release|Any CPU.ActiveCfg = Release|Any CPU
		{FEC0BECC-B654-4DEE-9919-74F52ECDDC92}.Release|Any CPU.Build.0 = Release|Any CPU
	EndGlobalSection
	GlobalSection(SolutionProperties) = preSolution
		HideSolutionNode = FALSE
	EndGlobalSection
EndGlobal
